
Microsoft Visual Studio Solution File, Format Version 12.00
# Visual Studio 14
VisualStudioVersion = 14.0.25420.1
MinimumVisualStudioVersion = 10.0.40219.1
Project("{FAE04EC0-301F-11D3-BF4B-00C04F79EFBC}") = "TeamCoding", "TeamCoding\TeamCoding.csproj", "{F9EE549E-E774-4C67-AB5F-FA5212D8B501}"
EndProject
Project("{2150E333-8FDC-42A3-9474-1A3956D46DE8}") = "Solution Items", "Solution Items", "{6FF7BA71-B302-495E-A2BB-4EDDC2C83E54}"
	ProjectSection(SolutionItems) = preProject
		appveyor.yml = appveyor.yml
		CONTRIBUTING.md = CONTRIBUTING.md
		ISSUE_TEMPLATE.md = ISSUE_TEMPLATE.md
		License.txt = License.txt
		readme.md = readme.md
	EndProjectSection
EndProject
Project("{FAE04EC0-301F-11D3-BF4B-00C04F79EFBC}") = "TeamCoding.v14", "TeamCoding.v14\TeamCoding.v14.csproj", "{1BC98758-87AE-488E-9B2F-4E06ACC83646}"
EndProject
Project("{FAE04EC0-301F-11D3-BF4B-00C04F79EFBC}") = "TeamCoding.Interfaces", "TeamCoding.Interfaces\TeamCoding.Interfaces.csproj", "{A72EB923-18EB-42A9-938E-533CFC5B15EF}"
EndProject
Project("{FAE04EC0-301F-11D3-BF4B-00C04F79EFBC}") = "TeamCoding.v15", "TeamCoding.v15\TeamCoding.v15.csproj", "{5BCC781B-0C52-4E96-BC43-8B1E02BC442B}"
EndProject
Project("{2150E333-8FDC-42A3-9474-1A3956D46DE8}") = "References", "References", "{B84A6007-02A1-47F1-A9EF-CABA9A80833B}"
EndProject
Project("{2150E333-8FDC-42A3-9474-1A3956D46DE8}") = "v14", "v14", "{7445A02E-33F9-4EDD-8F0B-7CD203C3B147}"
	ProjectSection(SolutionItems) = preProject
		References\v14\Microsoft.VisualStudio.Alm.Shared.CodeAnalysisClient.dll = References\v14\Microsoft.VisualStudio.Alm.Shared.CodeAnalysisClient.dll
		References\v14\Microsoft.VisualStudio.CodeSense.Client.Common.dll = References\v14\Microsoft.VisualStudio.CodeSense.Client.Common.dll
		References\v14\Microsoft.VisualStudio.CodeSense.dll = References\v14\Microsoft.VisualStudio.CodeSense.dll
		References\v14\Microsoft.VisualStudio.CodeSense.Roslyn.dll = References\v14\Microsoft.VisualStudio.CodeSense.Roslyn.dll
	EndProjectSection
EndProject
Project("{2150E333-8FDC-42A3-9474-1A3956D46DE8}") = "v15", "v15", "{63183E3E-79EB-4A9D-82E3-24C7DBAB77A9}"
	ProjectSection(SolutionItems) = preProject
		References\v15\Microsoft.VisualStudio.Alm.Shared.CodeAnalysisClient.dll = References\v15\Microsoft.VisualStudio.Alm.Shared.CodeAnalysisClient.dll
		References\v15\Microsoft.VisualStudio.CodeSense.Client.Common.dll = References\v15\Microsoft.VisualStudio.CodeSense.Client.Common.dll
		References\v15\Microsoft.VisualStudio.CodeSense.dll = References\v15\Microsoft.VisualStudio.CodeSense.dll
		References\v15\Microsoft.VisualStudio.CodeSense.Roslyn.dll = References\v15\Microsoft.VisualStudio.CodeSense.Roslyn.dll
	EndProjectSection
EndProject
Global
	GlobalSection(SolutionConfigurationPlatforms) = preSolution
		Debug|Any CPU = Debug|Any CPU
		Release|Any CPU = Release|Any CPU
	EndGlobalSection
	GlobalSection(ProjectConfigurationPlatforms) = postSolution
		{F9EE549E-E774-4C67-AB5F-FA5212D8B501}.Debug|Any CPU.ActiveCfg = Debug|Any CPU
		{F9EE549E-E774-4C67-AB5F-FA5212D8B501}.Debug|Any CPU.Build.0 = Debug|Any CPU
		{F9EE549E-E774-4C67-AB5F-FA5212D8B501}.Release|Any CPU.ActiveCfg = Release|Any CPU
		{F9EE549E-E774-4C67-AB5F-FA5212D8B501}.Release|Any CPU.Build.0 = Release|Any CPU
		{1BC98758-87AE-488E-9B2F-4E06ACC83646}.Debug|Any CPU.ActiveCfg = Debug|Any CPU
		{1BC98758-87AE-488E-9B2F-4E06ACC83646}.Debug|Any CPU.Build.0 = Debug|Any CPU
		{1BC98758-87AE-488E-9B2F-4E06ACC83646}.Release|Any CPU.ActiveCfg = Release|Any CPU
		{1BC98758-87AE-488E-9B2F-4E06ACC83646}.Release|Any CPU.Build.0 = Release|Any CPU
		{A72EB923-18EB-42A9-938E-533CFC5B15EF}.Debug|Any CPU.ActiveCfg = Debug|Any CPU
		{A72EB923-18EB-42A9-938E-533CFC5B15EF}.Debug|Any CPU.Build.0 = Debug|Any CPU
		{A72EB923-18EB-42A9-938E-533CFC5B15EF}.Release|Any CPU.ActiveCfg = Release|Any CPU
		{A72EB923-18EB-42A9-938E-533CFC5B15EF}.Release|Any CPU.Build.0 = Release|Any CPU
		{5BCC781B-0C52-4E96-BC43-8B1E02BC442B}.Debug|Any CPU.ActiveCfg = Debug|Any CPU
		{5BCC781B-0C52-4E96-BC43-8B1E02BC442B}.Debug|Any CPU.Build.0 = Debug|Any CPU
		{5BCC781B-0C52-4E96-BC43-8B1E02BC442B}.Release|Any CPU.ActiveCfg = Release|Any CPU
		{5BCC781B-0C52-4E96-BC43-8B1E02BC442B}.Release|Any CPU.Build.0 = Release|Any CPU
	EndGlobalSection
	GlobalSection(SolutionProperties) = preSolution
		HideSolutionNode = FALSE
	EndGlobalSection
	GlobalSection(NestedProjects) = preSolution
		{B84A6007-02A1-47F1-A9EF-CABA9A80833B} = {6FF7BA71-B302-495E-A2BB-4EDDC2C83E54}
		{7445A02E-33F9-4EDD-8F0B-7CD203C3B147} = {B84A6007-02A1-47F1-A9EF-CABA9A80833B}
		{63183E3E-79EB-4A9D-82E3-24C7DBAB77A9} = {B84A6007-02A1-47F1-A9EF-CABA9A80833B}
	EndGlobalSection
EndGlobal
